github.com/RubioHaro/calculator v1.0.1 h1:bpTi3uMr7mPhjFH+/In4DLIAD0oaNogeegbBsaajfqg=
github.com/RubioHaro/calculator v1.0.1/go.mod h1:1nzxyR1zRCviwmOG2rjNvlubwzs3tkzMVmUMpA8HP5o=
github.com/RubioHaro/calculator v1.0.2 h1:PBz3nGn50sPK5EDb+Kb0GEO4XO2TgAE3EQvgAtb8r6I=
github.com/RubioHaro/calculator v1.0.2/go.mod h1:1nzxyR1zRCviwmOG2rjNvlubwzs3tkzMVmUMpA8HP5o=
github.com/RubioHaro/calculator v1.0.3 h1:azUj4J62lMQcVSMorccHH3pcVWwgsrBY4FxuqazH5xE=
github.com/RubioHaro/calculator v1.0.3/go.mod h1:1nzxyR1zRCviwmOG2rjNvlubwzs3tkzMVmUMpA8HP5o=
